
Microsoft Visual Studio Solution File, Format Version 12.00
# Visual Studio Version 17
VisualStudioVersion = 17.14.36327.8 d17.14
MinimumVisualStudioVersion = 10.0.40219.1
Project("{FAE04EC0-301F-11D3-BF4B-00C04F79EFBC}") = "hastaTakipSistemi", "hastaTakipSistemi.csproj", "{0884A6DE-2244-4D10-841C-F46B728808E7}"
EndProject
Global
	GlobalSection(SolutionConfigurationPlatforms) = preSolution
		Debug|Any CPU = Debug|Any CPU
		Release|Any CPU = Release|Any CPU
	EndGlobalSection
	GlobalSection(ProjectConfigurationPlatforms) = postSolution
		{0884A6DE-2244-4D10-841C-F46B728808E7}.Debug|Any CPU.ActiveCfg = Debug|Any CPU
		{0884A6DE-2244-4D10-841C-F46B728808E7}.Debug|Any CPU.Build.0 = Debug|Any CPU
		{0884A6DE-2244-4D10-841C-F46B728808E7}.Release|Any CPU.ActiveCfg = Release|Any CPU
		{0884A6DE-2244-4D10-841C-F46B728808E7}.Release|Any CPU.Build.0 = Release|Any CPU
	EndGlobalSection
	GlobalSection(SolutionProperties) = preSolution
		HideSolutionNode = FALSE
	EndGlobalSection
	GlobalSection(ExtensibilityGlobals) = postSolution
		SolutionGuid = {4C7D19EA-9B78-446D-A7C5-DE61CC54ED39}
	EndGlobalSection
EndGlobal
